
Microsoft Visual Studio Solution File, Format Version 12.00
# Visual Studio Version 17
VisualStudioVersion = 17.5.33516.290
MinimumVisualStudioVersion = 10.0.40219.1
Project("{FAE04EC0-301F-11D3-BF4B-00C04F79EFBC}") = "Tiendita.Android", "Tiendita.Android\Tiendita.Android.csproj", "{2FCC3800-3B98-4BBF-8BBB-CAF4928A436C}"
EndProject
Project("{FAE04EC0-301F-11D3-BF4B-00C04F79EFBC}") = "Tiendita", "Tiendita\Tiendita.csproj", "{957EB1AF-A5F4-4FEB-B637-FE0056269E43}"
EndProject
Global
	GlobalSection(SolutionConfigurationPlatforms) = preSolution
		Debug|Any CPU = Debug|Any CPU
		Release|Any CPU = Release|Any CPU
	EndGlobalSection
	GlobalSection(ProjectConfigurationPlatforms) = postSolution
		{2FCC3800-3B98-4BBF-8BBB-CAF4928A436C}.Debug|Any CPU.ActiveCfg = Debug|Any CPU
		{2FCC3800-3B98-4BBF-8BBB-CAF4928A436C}.Debug|Any CPU.Build.0 = Debug|Any CPU
		{2FCC3800-3B98-4BBF-8BBB-CAF4928A436C}.Debug|Any CPU.Deploy.0 = Debug|Any CPU
		{2FCC3800-3B98-4BBF-8BBB-CAF4928A436C}.Release|Any CPU.ActiveCfg = Release|Any CPU
		{2FCC3800-3B98-4BBF-8BBB-CAF4928A436C}.Release|Any CPU.Build.0 = Release|Any CPU
		{2FCC3800-3B98-4BBF-8BBB-CAF4928A436C}.Release|Any CPU.Deploy.0 = Release|Any CPU
		{957EB1AF-A5F4-4FEB-B637-FE0056269E43}.Debug|Any CPU.ActiveCfg = Debug|Any CPU
		{957EB1AF-A5F4-4FEB-B637-FE0056269E43}.Debug|Any CPU.Build.0 = Debug|Any CPU
		{957EB1AF-A5F4-4FEB-B637-FE0056269E43}.Debug|Any CPU.Deploy.0 = Debug|Any CPU
		{957EB1AF-A5F4-4FEB-B637-FE0056269E43}.Release|Any CPU.ActiveCfg = Release|Any CPU
		{957EB1AF-A5F4-4FEB-B637-FE0056269E43}.Release|Any CPU.Build.0 = Release|Any CPU
		{957EB1AF-A5F4-4FEB-B637-FE0056269E43}.Release|Any CPU.Deploy.0 = Release|Any CPU
	EndGlobalSection
	GlobalSection(SolutionProperties) = preSolution
		HideSolutionNode = FALSE
	EndGlobalSection
	GlobalSection(ExtensibilityGlobals) = postSolution
		SolutionGuid = {0FF48E8F-FB72-433C-B285-329DD0C3E093}
	EndGlobalSection
EndGlobal
